
Microsoft Visual Studio Solution File, Format Version 12.00
# Visual Studio 15
VisualStudioVersion = 15.0.27004.2009
MinimumVisualStudioVersion = 10.0.40219.1
Project("{FAE04EC0-301F-11D3-BF4B-00C04F79EFBC}") = "IllicitPullerPrivate", "IllicitPullerPrivate\IllicitPullerPrivate.csproj", "{51FADE1C-8E26-4D0A-A100-9FABC0B5DC55}"
EndProject
Global
	GlobalSection(SolutionConfigurationPlatforms) = preSolution
		Debug|Any CPU = Debug|Any CPU
		Release|Any CPU = Release|Any CPU
	EndGlobalSection
	GlobalSection(ProjectConfigurationPlatforms) = postSolution
		{51FADE1C-8E26-4D0A-A100-9FABC0B5DC55}.Debug|Any CPU.ActiveCfg = Debug|Any CPU
		{51FADE1C-8E26-4D0A-A100-9FABC0B5DC55}.Debug|Any CPU.Build.0 = Debug|Any CPU
		{51FADE1C-8E26-4D0A-A100-9FABC0B5DC55}.Release|Any CPU.ActiveCfg = Release|Any CPU
		{51FADE1C-8E26-4D0A-A100-9FABC0B5DC55}.Release|Any CPU.Build.0 = Release|Any CPU
	EndGlobalSection
	GlobalSection(SolutionProperties) = preSolution
		HideSolutionNode = FALSE
	EndGlobalSection
	GlobalSection(ExtensibilityGlobals) = postSolution
		SolutionGuid = {987B73C1-3DC5-4F2E-826F-07A849AE9925}
	EndGlobalSection
EndGlobal
